// !$*UTF8*$!
{
	archiveVersion = 1;
	classes = {
	};
	objectVersion = 56;
	objects = {

/* Begin PBXBuildFile section */
		287ED25C2BD2A2860044E31F /* ClassGitSampleApp.swift in Sources */ = {isa = PBXBuildFile; fileRef = 287ED25B2BD2A2860044E31F /* ClassGitSampleApp.swift */; };
		287ED25E2BD2A2860044E31F /* ContentView.swift in Sources */ = {isa = PBXBuildFile; fileRef = 287ED25D2BD2A2860044E31F /* ContentView.swift */; };
		287ED2602BD2A2870044E31F /* Assets.xcassets in Resources */ = {isa = PBXBuildFile; fileRef = 287ED25F2BD2A2870044E31F /* Assets.xcassets */; };
		287ED2632BD2A2870044E31F /* Preview Assets.xcassets in Resources */ = {isa = PBXBuildFile; fileRef = 287ED2622BD2A2870044E31F /* Preview Assets.xcassets */; };
		287ED26A2BD2A34D0044E31F /* Am.swift in Sources */ = {isa = PBXBuildFile; fileRef = 287ED2692BD2A34D0044E31F /* Am.swift */; };
		287ED26C2BD2A3530044E31F /* Di.swift in Sources */ = {isa = PBXBuildFile; fileRef = 287ED26B2BD2A3530044E31F /* Di.swift */; };
		287ED26E2BD2A3590044E31F /* Il.swift in Sources */ = {isa = PBXBuildFile; fileRef = 287ED26D2BD2A3590044E31F /* Il.swift */; };
		287ED2702BD2A3670044E31F /* Az.swift in Sources */ = {isa = PBXBuildFile; fileRef = 287ED26F2BD2A3670044E31F /* Az.swift */; };
		287ED2722BD2A37E0044E31F /* My.swift in Sources */ = {isa = PBXBuildFile; fileRef = 287ED2712BD2A37E0044E31F /* My.swift */; };
		287ED2762BD2A5E60044E31F /* Jo.swift in Sources */ = {isa = PBXBuildFile; fileRef = 287ED2752BD2A5E60044E31F /* Jo.swift */; };
		287ED2782BD2A5EE0044E31F /* Pi.swift in Sources */ = {isa = PBXBuildFile; fileRef = 287ED2772BD2A5EE0044E31F /* Pi.swift */; };
		287ED27A2BD2A6180044E31F /* Ja.swift in Sources */ = {isa = PBXBuildFile; fileRef = 287ED2792BD2A6180044E31F /* Ja.swift */; };
		287ED27C2BD2A62C0044E31F /* Al.swift in Sources */ = {isa = PBXBuildFile; fileRef = 287ED27B2BD2A62C0044E31F /* Al.swift */; };
		287ED27E2BD2A6310044E31F /* Ca.swift in Sources */ = {isa = PBXBuildFile; fileRef = 287ED27D2BD2A6310044E31F /* Ca.swift */; };
/* End PBXBuildFile section */

/* Begin PBXFileReference section */
		287ED2582BD2A2860044E31F /* ClassGitSample.app */ = {isa = PBXFileReference; explicitFileType = wrapper.application; includeInIndex = 0; path = ClassGitSample.app; sourceTree = BUILT_PRODUCTS_DIR; };
		287ED25B2BD2A2860044E31F /* ClassGitSampleApp.swift */ = {isa = PBXFileReference; lastKnownFileType = sourcecode.swift; path = ClassGitSampleApp.swift; sourceTree = "<group>"; };
		287ED25D2BD2A2860044E31F /* ContentView.swift */ = {isa = PBXFileReference; lastKnownFileType = sourcecode.swift; path = ContentView.swift; sourceTree = "<group>"; };
		287ED25F2BD2A2870044E31F /* Assets.xcassets */ = {isa = PBXFileReference; lastKnownFileType = folder.assetcatalog; path = Assets.xcassets; sourceTree = "<group>"; };
		287ED2622BD2A2870044E31F /* Preview Assets.xcassets */ = {isa = PBXFileReference; lastKnownFileType = folder.assetcatalog; path = "Preview Assets.xcassets"; sourceTree = "<group>"; };
		287ED2692BD2A34D0044E31F /* Am.swift */ = {isa = PBXFileReference; lastKnownFileType = sourcecode.swift; path = Am.swift; sourceTree = "<group>"; };
		287ED26B2BD2A3530044E31F /* Di.swift */ = {isa = PBXFileReference; lastKnownFileType = sourcecode.swift; path = Di.swift; sourceTree = "<group>"; };
		287ED26D2BD2A3590044E31F /* Il.swift */ = {isa = PBXFileReference; lastKnownFileType = sourcecode.swift; path = Il.swift; sourceTree = "<group>"; };
		287ED26F2BD2A3670044E31F /* Az.swift */ = {isa = PBXFileReference; lastKnownFileType = sourcecode.swift; path = Az.swift; sourceTree = "<group>"; };
		287ED2712BD2A37E0044E31F /* My.swift */ = {isa = PBXFileReference; lastKnownFileType = sourcecode.swift; path = My.swift; sourceTree = "<group>"; };
		287ED2752BD2A5E60044E31F /* Jo.swift */ = {isa = PBXFileReference; lastKnownFileType = sourcecode.swift; path = Jo.swift; sourceTree = "<group>"; };
		287ED2772BD2A5EE0044E31F /* Pi.swift */ = {isa = PBXFileReference; lastKnownFileType = sourcecode.swift; path = Pi.swift; sourceTree = "<group>"; };
		287ED2792BD2A6180044E31F /* Ja.swift */ = {isa = PBXFileReference; lastKnownFileType = sourcecode.swift; path = Ja.swift; sourceTree = "<group>"; };
		287ED27B2BD2A62C0044E31F /* Al.swift */ = {isa = PBXFileReference; lastKnownFileType = sourcecode.swift; path = Al.swift; sourceTree = "<group>"; };
		287ED27D2BD2A6310044E31F /* Ca.swift */ = {isa = PBXFileReference; lastKnownFileType = sourcecode.swift; path = Ca.swift; sourceTree = "<group>"; };
/* End PBXFileReference section */

/* Begin PBXFrameworksBuildPhase section */
		287ED2552BD2A2860044E31F /* Frameworks */ = {
			isa = PBXFrameworksBuildPhase;
			buildActionMask = 2147483647;
			files = (
			);
			runOnlyForDeploymentPostprocessing = 0;
		};
/* End PBXFrameworksBuildPhase section */

/* Begin PBXGroup section */
		287ED24F2BD2A2860044E31F = {
			isa = PBXGroup;
			children = (
				287ED25A2BD2A2860044E31F /* ClassGitSample */,
				287ED2592BD2A2860044E31F /* Products */,
			);
			sourceTree = "<group>";
		};
		287ED2592BD2A2860044E31F /* Products */ = {
			isa = PBXGroup;
			children = (
				287ED2582BD2A2860044E31F /* ClassGitSample.app */,
			);
			name = Products;
			sourceTree = "<group>";
		};
		287ED25A2BD2A2860044E31F /* ClassGitSample */ = {
			isa = PBXGroup;
			children = (
				287ED25B2BD2A2860044E31F /* ClassGitSampleApp.swift */,
				287ED25D2BD2A2860044E31F /* ContentView.swift */,
				287ED2692BD2A34D0044E31F /* Am.swift */,
				287ED26B2BD2A3530044E31F /* Di.swift */,
				287ED26D2BD2A3590044E31F /* Il.swift */,
				287ED26F2BD2A3670044E31F /* Az.swift */,
				287ED2712BD2A37E0044E31F /* My.swift */,
				287ED2752BD2A5E60044E31F /* Jo.swift */,
				287ED2772BD2A5EE0044E31F /* Pi.swift */,
				287ED2792BD2A6180044E31F /* Ja.swift */,
				287ED27B2BD2A62C0044E31F /* Al.swift */,
				287ED27D2BD2A6310044E31F /* Ca.swift */,
				287ED25F2BD2A2870044E31F /* Assets.xcassets */,
				287ED2612BD2A2870044E31F /* Preview Content */,
			);
			path = ClassGitSample;
			sourceTree = "<group>";
		};
		287ED2612BD2A2870044E31F /* Preview Content */ = {
			isa = PBXGroup;
			children = (
				287ED2622BD2A2870044E31F /* Preview Assets.xcassets */,
			);
			path = "Preview Content";
			sourceTree = "<group>";
		};
/* End PBXGroup section */

/* Begin PBXNativeTarget section */
		287ED2572BD2A2860044E31F /* ClassGitSample */ = {
			isa = PBXNativeTarget;
			buildConfigurationList = 287ED2662BD2A2870044E31F /* Build configuration list for PBXNativeTarget "ClassGitSample" */;
			buildPhases = (
				287ED2542BD2A2860044E31F /* Sources */,
				287ED2552BD2A2860044E31F /* Frameworks */,
				287ED2562BD2A2860044E31F /* Resources */,
			);
			buildRules = (
			);
			dependencies = (
			);
			name = ClassGitSample;
			productName = ClassGitSample;
			productReference = 287ED2582BD2A2860044E31F /* ClassGitSample.app */;
			productType = "com.apple.product-type.application";
		};
/* End PBXNativeTarget section */

/* Begin PBXProject section */
		287ED2502BD2A2860044E31F /* Project object */ = {
			isa = PBXProject;
			attributes = {
				BuildIndependentTargetsInParallel = 1;
				LastSwiftUpdateCheck = 1530;
				LastUpgradeCheck = 1530;
				TargetAttributes = {
					287ED2572BD2A2860044E31F = {
						CreatedOnToolsVersion = 15.3;
					};
				};
			};
			buildConfigurationList = 287ED2532BD2A2860044E31F /* Build configuration list for PBXProject "ClassGitSample" */;
			compatibilityVersion = "Xcode 14.0";
			developmentRegion = en;
			hasScannedForEncodings = 0;
			knownRegions = (
				en,
				Base,
			);
			mainGroup = 287ED24F2BD2A2860044E31F;
			productRefGroup = 287ED2592BD2A2860044E31F /* Products */;
			projectDirPath = "";
			projectRoot = "";
			targets = (
				287ED2572BD2A2860044E31F /* ClassGitSample */,
			);
		};
/* End PBXProject section */

/* Begin PBXResourcesBuildPhase section */
		287ED2562BD2A2860044E31F /* Resources */ = {
			isa = PBXResourcesBuildPhase;
			buildActionMask = 2147483647;
			files = (
				287ED2632BD2A2870044E31F /* Preview Assets.xcassets in Resources */,
				287ED2602BD2A2870044E31F /* Assets.xcassets in Resources */,
			);
			runOnlyForDeploymentPostprocessing = 0;
		};
/* End PBXResourcesBuildPhase section */

/* Begin PBXSourcesBuildPhase section */
		287ED2542BD2A2860044E31F /* Sources */ = {
			isa = PBXSourcesBuildPhase;
			buildActionMask = 2147483647;
			files = (
				287ED26C2BD2A3530044E31F /* Di.swift in Sources */,
				287ED25E2BD2A2860044E31F /* ContentView.swift in Sources */,
				287ED2782BD2A5EE0044E31F /* Pi.swift in Sources */,
				287ED2702BD2A3670044E31F /* Az.swift in Sources */,
				287ED27A2BD2A6180044E31F /* Ja.swift in Sources */,
				287ED2722BD2A37E0044E31F /* My.swift in Sources */,
				287ED27C2BD2A62C0044E31F /* Al.swift in Sources */,
				287ED2762BD2A5E60044E31F /* Jo.swift in Sources */,
				287ED25C2BD2A2860044E31F /* ClassGitSampleApp.swift in Sources */,
				287ED26E2BD2A3590044E31F /* Il.swift in Sources */,
				287ED26A2BD2A34D0044E31F /* Am.swift in Sources */,
				287ED27E2BD2A6310044E31F /* Ca.swift in Sources */,
			);
			runOnlyForDeploymentPostprocessing = 0;
		};
/* End PBXSourcesBuildPhase section */

/* Begin XCBuildConfiguration section */
		287ED2642BD2A2870044E31F /* Debug */ = {
			isa = XCBuildConfiguration;
			buildSettings = {
				ALWAYS_SEARCH_USER_PATHS = NO;
				ASSETCATALOG_COMPILER_GENERATE_SWIFT_ASSET_SYMBOL_EXTENSIONS = YES;
				CLANG_ANALYZER_NONNULL = YES;
				CLANG_ANALYZER_NUMBER_OBJECT_CONVERSION = YES_AGGRESSIVE;
				CLANG_CXX_LANGUAGE_STANDARD = "gnu++20";
				CLANG_ENABLE_MODULES = YES;
				CLANG_ENABLE_OBJC_ARC = YES;
				CLANG_ENABLE_OBJC_WEAK = YES;
				CLANG_WARN_BLOCK_CAPTURE_AUTORELEASING = YES;
				CLANG_WARN_BOOL_CONVERSION = YES;
				CLANG_WARN_COMMA = YES;
				CLANG_WARN_CONSTANT_CONVERSION = YES;
				CLANG_WARN_DEPRECATED_OBJC_IMPLEMENTATIONS = YES;
				CLANG_WARN_DIRECT_OBJC_ISA_USAGE = YES_ERROR;
				CLANG_WARN_DOCUMENTATION_COMMENTS = YES;
				CLANG_WARN_EMPTY_BODY = YES;
				CLANG_WARN_ENUM_CONVERSION = YES;
				CLANG_WARN_INFINITE_RECURSION = YES;
				CLANG_WARN_INT_CONVERSION = YES;
				CLANG_WARN_NON_LITERAL_NULL_CONVERSION = YES;
				CLANG_WARN_OBJC_IMPLICIT_RETAIN_SELF = YES;
				CLANG_WARN_OBJC_LITERAL_CONVERSION = YES;
				CLANG_WARN_OBJC_ROOT_CLASS = YES_ERROR;
				CLANG_WARN_QUOTED_INCLUDE_IN_FRAMEWORK_HEADER = YES;
				CLANG_WARN_RANGE_LOOP_ANALYSIS = YES;
				CLANG_WARN_STRICT_PROTOTYPES = YES;
				CLANG_WARN_SUSPICIOUS_MOVE = YES;
				CLANG_WARN_UNGUARDED_AVAILABILITY = YES_AGGRESSIVE;
				CLANG_WARN_UNREACHABLE_CODE = YES;
				CLANG_WARN__DUPLICATE_METHOD_MATCH = YES;
				COPY_PHASE_STRIP = NO;
				DEBUG_INFORMATION_FORMAT = dwarf;
				ENABLE_STRICT_OBJC_MSGSEND = YES;
				ENABLE_TESTABILITY = YES;
				ENABLE_USER_SCRIPT_SANDBOXING = YES;
				GCC_C_LANGUAGE_STANDARD = gnu17;
				GCC_DYNAMIC_NO_PIC = NO;
				GCC_NO_COMMON_BLOCKS = YES;
				GCC_OPTIMIZATION_LEVEL = 0;
				GCC_PREPROCESSOR_DEFINITIONS = (
					"DEBUG=1",
					"$(inherited)",
				);
				GCC_WARN_64_TO_32_BIT_CONVERSION = YES;
				GCC_WARN_ABOUT_RETURN_TYPE = YES_ERROR;
				GCC_WARN_UNDECLARED_SELECTOR = YES;
				GCC_WARN_UNINITIALIZED_AUTOS = YES_AGGRESSIVE;
				GCC_WARN_UNUSED_FUNCTION = YES;
				GCC_WARN_UNUSED_VARIABLE = YES;
				IPHONEOS_DEPLOYMENT_TARGET = 17.4;
				LOCALIZATION_PREFERS_STRING_CATALOGS = YES;
				MTL_ENABLE_DEBUG_INFO = INCLUDE_SOURCE;
				MTL_FAST_MATH = YES;
				ONLY_ACTIVE_ARCH = YES;
				SDKROOT = iphoneos;
				SWIFT_ACTIVE_COMPILATION_CONDITIONS = "DEBUG $(inherited)";
				SWIFT_OPTIMIZATION_LEVEL = "-Onone";
			};
			name = Debug;
		};
		287ED2652BD2A2870044E31F /* Release */ = {
			isa = XCBuildConfiguration;
			buildSettings = {
				ALWAYS_SEARCH_USER_PATHS = NO;
				ASSETCATALOG_COMPILER_GENERATE_SWIFT_ASSET_SYMBOL_EXTENSIONS = YES;
				CLANG_ANALYZER_NONNULL = YES;
				CLANG_ANALYZER_NUMBER_OBJECT_CONVERSION = YES_AGGRESSIVE;
				CLANG_CXX_LANGUAGE_STANDARD = "gnu++20";
				CLANG_ENABLE_MODULES = YES;
				CLANG_ENABLE_OBJC_ARC = YES;
				CLANG_ENABLE_OBJC_WEAK = YES;
				CLANG_WARN_BLOCK_CAPTURE_AUTORELEASING = YES;
				CLANG_WARN_BOOL_CONVERSION = YES;
				CLANG_WARN_COMMA = YES;
				CLANG_WARN_CONSTANT_CONVERSION = YES;
				CLANG_WARN_DEPRECATED_OBJC_IMPLEMENTATIONS = YES;
				CLANG_WARN_DIRECT_OBJC_ISA_USAGE = YES_ERROR;
				CLANG_WARN_DOCUMENTATION_COMMENTS = YES;
				CLANG_WARN_EMPTY_BODY = YES;
				CLANG_WARN_ENUM_CONVERSION = YES;
				CLANG_WARN_INFINITE_RECURSION = YES;
				CLANG_WARN_INT_CONVERSION = YES;
				CLANG_WARN_NON_LITERAL_NULL_CONVERSION = YES;
				CLANG_WARN_OBJC_IMPLICIT_RETAIN_SELF = YES;
				CLANG_WARN_OBJC_LITERAL_CONVERSION = YES;
				CLANG_WARN_OBJC_ROOT_CLASS = YES_ERROR;
				CLANG_WARN_QUOTED_INCLUDE_IN_FRAMEWORK_HEADER = YES;
				CLANG_WARN_RANGE_LOOP_ANALYSIS = YES;
				CLANG_WARN_STRICT_PROTOTYPES = YES;
				CLANG_WARN_SUSPICIOUS_MOVE = YES;
				CLANG_WARN_UNGUARDED_AVAILABILITY = YES_AGGRESSIVE;
				CLANG_WARN_UNREACHABLE_CODE = YES;
				CLANG_WARN__DUPLICATE_METHOD_MATCH = YES;
				COPY_PHASE_STRIP = NO;
				DEBUG_INFORMATION_FORMAT = "dwarf-with-dsym";
				ENABLE_NS_ASSERTIONS = NO;
				ENABLE_STRICT_OBJC_MSGSEND = YES;
				ENABLE_USER_SCRIPT_SANDBOXING = YES;
				GCC_C_LANGUAGE_STANDARD = gnu17;
				GCC_NO_COMMON_BLOCKS = YES;
				GCC_WARN_64_TO_32_BIT_CONVERSION = YES;
				GCC_WARN_ABOUT_RETURN_TYPE = YES_ERROR;
				GCC_WARN_UNDECLARED_SELECTOR = YES;
				GCC_WARN_UNINITIALIZED_AUTOS = YES_AGGRESSIVE;
				GCC_WARN_UNUSED_FUNCTION = YES;
				GCC_WARN_UNUSED_VARIABLE = YES;
				IPHONEOS_DEPLOYMENT_TARGET = 17.4;
				LOCALIZATION_PREFERS_STRING_CATALOGS = YES;
				MTL_ENABLE_DEBUG_INFO = NO;
				MTL_FAST_MATH = YES;
				SDKROOT = iphoneos;
				SWIFT_COMPILATION_MODE = wholemodule;
				VALIDATE_PRODUCT = YES;
			};
			name = Release;
		};
		287ED2672BD2A2870044E31F /* Debug */ = {
			isa = XCBuildConfiguration;
			buildSettings = {
				ASSETCATALOG_COMPILER_APPICON_NAME = AppIcon;
				ASSETCATALOG_COMPILER_GLOBAL_ACCENT_COLOR_NAME = AccentColor;
				CODE_SIGN_STYLE = Automatic;
				CURRENT_PROJECT_VERSION = 1;
				DEVELOPMENT_ASSET_PATHS = "\"ClassGitSample/Preview Content\"";
				DEVELOPMENT_TEAM = 567V8M23JU;
				ENABLE_PREVIEWS = YES;
				GENERATE_INFOPLIST_FILE = YES;
				INFOPLIST_KEY_UIApplicationSceneManifest_Generation = YES;
				INFOPLIST_KEY_UIApplicationSupportsIndirectInputEvents = YES;
				INFOPLIST_KEY_UILaunchScreen_Generation = YES;
				INFOPLIST_KEY_UISupportedInterfaceOrientations_iPad = "UIInterfaceOrientationPortrait UIInterfaceOrientationPortraitUpsideDown UIInterfaceOrientationLandscapeLeft UIInterfaceOrientationLandscapeRight";
				INFOPLIST_KEY_UISupportedInterfaceOrientations_iPhone = "UIInterfaceOrientationPortrait UIInterfaceOrientationLandscapeLeft UIInterfaceOrientationLandscapeRight";
				LD_RUNPATH_SEARCH_PATHS = (
					"$(inherited)",
					"@executable_path/Frameworks",
				);
				MARKETING_VERSION = 1.0;
				PRODUCT_BUNDLE_IDENTIFIER = us.swcsd.ClassGitSample;
				PRODUCT_NAME = "$(TARGET_NAME)";
				SWIFT_EMIT_LOC_STRINGS = YES;
				SWIFT_VERSION = 5.0;
				TARGETED_DEVICE_FAMILY = "1,2";
			};
			name = Debug;
		};
		287ED2682BD2A2870044E31F /* Release */ = {
			isa = XCBuildConfiguration;
			buildSettings = {
				ASSETCATALOG_COMPILER_APPICON_NAME = AppIcon;
				ASSETCATALOG_COMPILER_GLOBAL_ACCENT_COLOR_NAME = AccentColor;
				CODE_SIGN_STYLE = Automatic;
				CURRENT_PROJECT_VERSION = 1;
				DEVELOPMENT_ASSET_PATHS = "\"ClassGitSample/Preview Content\"";
				DEVELOPMENT_TEAM = 567V8M23JU;
				ENABLE_PREVIEWS = YES;
				GENERATE_INFOPLIST_FILE = YES;
				INFOPLIST_KEY_UIApplicationSceneManifest_Generation = YES;
				INFOPLIST_KEY_UIApplicationSupportsIndirectInputEvents = YES;
				INFOPLIST_KEY_UILaunchScreen_Generation = YES;
				INFOPLIST_KEY_UISupportedInterfaceOrientations_iPad = "UIInterfaceOrientationPortrait UIInterfaceOrientationPortraitUpsideDown UIInterfaceOrientationLandscapeLeft UIInterfaceOrientationLandscapeRight";
				INFOPLIST_KEY_UISupportedInterfaceOrientations_iPhone = "UIInterfaceOrientationPortrait UIInterfaceOrientationLandscapeLeft UIInterfaceOrientationLandscapeRight";
				LD_RUNPATH_SEARCH_PATHS = (
					"$(inherited)",
					"@executable_path/Frameworks",
				);
				MARKETING_VERSION = 1.0;
				PRODUCT_BUNDLE_IDENTIFIER = us.swcsd.ClassGitSample;
				PRODUCT_NAME = "$(TARGET_NAME)";
				SWIFT_EMIT_LOC_STRINGS = YES;
				SWIFT_VERSION = 5.0;
				TARGETED_DEVICE_FAMILY = "1,2";
			};
			name = Release;
		};
/* End XCBuildConfiguration section */

/* Begin XCConfigurationList section */
		287ED2532BD2A2860044E31F /* Build configuration list for PBXProject "ClassGitSample" */ = {
			isa = XCConfigurationList;
			buildConfigurations = (
				287ED2642BD2A2870044E31F /* Debug */,
				287ED2652BD2A2870044E31F /* Release */,
			);
			defaultConfigurationIsVisible = 0;
			defaultConfigurationName = Release;
		};
		287ED2662BD2A2870044E31F /* Build configuration list for PBXNativeTarget "ClassGitSample" */ = {
			isa = XCConfigurationList;
			buildConfigurations = (
				287ED2672BD2A2870044E31F /* Debug */,
				287ED2682BD2A2870044E31F /* Release */,
			);
			defaultConfigurationIsVisible = 0;
			defaultConfigurationName = Release;
		};
/* End XCConfigurationList section */
	};
	rootObject = 287ED2502BD2A2860044E31F /* Project object */;
}
